
Microsoft Visual Studio Solution File, Format Version 12.00
# Visual Studio Version 16
VisualStudioVersion = 16.0.31911.196
MinimumVisualStudioVersion = 10.0.40219.1
Project("{FAE04EC0-301F-11D3-BF4B-00C04F79EFBC}") = "WebApi", "WebApi\WebApi.csproj", "{FD9AF72C-B4E7-4F4C-AF71-E914D63FDA51}"
EndProject
Project("{FAE04EC0-301F-11D3-BF4B-00C04F79EFBC}") = "TestProject", "TestProject\TestProject.csproj", "{FE890214-372A-44D3-A50D-590596952121}"
EndProject
Global
	GlobalSection(SolutionConfigurationPlatforms) = preSolution
		Debug|Any CPU = Debug|Any CPU
		Release|Any CPU = Release|Any CPU
	EndGlobalSection
	GlobalSection(ProjectConfigurationPlatforms) = postSolution
		{FD9AF72C-B4E7-4F4C-AF71-E914D63FDA51}.Debug|Any CPU.ActiveCfg = Debug|Any CPU
		{FD9AF72C-B4E7-4F4C-AF71-E914D63FDA51}.Debug|Any CPU.Build.0 = Debug|Any CPU
		{FD9AF72C-B4E7-4F4C-AF71-E914D63FDA51}.Release|Any CPU.ActiveCfg = Release|Any CPU
		{FD9AF72C-B4E7-4F4C-AF71-E914D63FDA51}.Release|Any CPU.Build.0 = Release|Any CPU
		{FE890214-372A-44D3-A50D-590596952121}.Debug|Any CPU.ActiveCfg = Debug|Any CPU
		{FE890214-372A-44D3-A50D-590596952121}.Debug|Any CPU.Build.0 = Debug|Any CPU
		{FE890214-372A-44D3-A50D-590596952121}.Release|Any CPU.ActiveCfg = Release|Any CPU
		{FE890214-372A-44D3-A50D-590596952121}.Release|Any CPU.Build.0 = Release|Any CPU
	EndGlobalSection
	GlobalSection(SolutionProperties) = preSolution
		HideSolutionNode = FALSE
	EndGlobalSection
	GlobalSection(ExtensibilityGlobals) = postSolution
		SolutionGuid = {5F9D6D78-5C23-4ACF-8BA2-1B498DB74FA1}
	EndGlobalSection
EndGlobal
